
Microsoft Visual Studio Solution File, Format Version 12.00
# Visual Studio Version 16
VisualStudioVersion = 16.0.30114.105
MinimumVisualStudioVersion = 10.0.40219.1
Project("{2150E333-8FDC-42A3-9474-1A3956D46DE8}") = "src", "src", "{0DBBBDA0-B54A-4586-8FCB-7B72F3FF4938}"
EndProject
Project("{2150E333-8FDC-42A3-9474-1A3956D46DE8}") = "Identity", "Identity", "{AB8B4B95-1B04-4F34-82E9-90B5837E196C}"
EndProject
Project("{FAE04EC0-301F-11D3-BF4B-00C04F79EFBC}") = "Cofi.Identity", "src\Identity\Core\Cofi.Identity.csproj", "{5C438EC2-DBE0-479F-83EC-B4124FE7B0E4}"
EndProject
Project("{FAE04EC0-301F-11D3-BF4B-00C04F79EFBC}") = "Cofi.Identity.EntityFrameworkCore", "src\Identity\EntityFrameworkCore\Cofi.Identity.EntityFrameworkCore.csproj", "{B45FB4E2-F368-4BA1-B294-E93A1C6D341D}"
EndProject
Project("{2150E333-8FDC-42A3-9474-1A3956D46DE8}") = "Common", "Common", "{4556CE64-6BB8-4689-AA06-724C6FAE1AD0}"
EndProject
Project("{FAE04EC0-301F-11D3-BF4B-00C04F79EFBC}") = "Cofi", "src\Common\Core\Cofi.csproj", "{B2836332-4EB5-4603-A3B0-304B76505FCF}"
EndProject
Project("{FAE04EC0-301F-11D3-BF4B-00C04F79EFBC}") = "Cofi.EntityFrameworkCore", "src\Common\EntityFrameworkCore\Cofi.EntityFrameworkCore.csproj", "{7E9538BF-DC22-47CC-86B4-808667E1F935}"
EndProject
Global
	GlobalSection(SolutionConfigurationPlatforms) = preSolution
		Debug|Any CPU = Debug|Any CPU
		Release|Any CPU = Release|Any CPU
	EndGlobalSection
	GlobalSection(SolutionProperties) = preSolution
		HideSolutionNode = FALSE
	EndGlobalSection
	GlobalSection(ProjectConfigurationPlatforms) = postSolution
		{5C438EC2-DBE0-479F-83EC-B4124FE7B0E4}.Debug|Any CPU.ActiveCfg = Debug|Any CPU
		{5C438EC2-DBE0-479F-83EC-B4124FE7B0E4}.Debug|Any CPU.Build.0 = Debug|Any CPU
		{5C438EC2-DBE0-479F-83EC-B4124FE7B0E4}.Release|Any CPU.ActiveCfg = Release|Any CPU
		{5C438EC2-DBE0-479F-83EC-B4124FE7B0E4}.Release|Any CPU.Build.0 = Release|Any CPU
		{B45FB4E2-F368-4BA1-B294-E93A1C6D341D}.Debug|Any CPU.ActiveCfg = Debug|Any CPU
		{B45FB4E2-F368-4BA1-B294-E93A1C6D341D}.Debug|Any CPU.Build.0 = Debug|Any CPU
		{B45FB4E2-F368-4BA1-B294-E93A1C6D341D}.Release|Any CPU.ActiveCfg = Release|Any CPU
		{B45FB4E2-F368-4BA1-B294-E93A1C6D341D}.Release|Any CPU.Build.0 = Release|Any CPU
		{B2836332-4EB5-4603-A3B0-304B76505FCF}.Debug|Any CPU.ActiveCfg = Debug|Any CPU
		{B2836332-4EB5-4603-A3B0-304B76505FCF}.Debug|Any CPU.Build.0 = Debug|Any CPU
		{B2836332-4EB5-4603-A3B0-304B76505FCF}.Release|Any CPU.ActiveCfg = Release|Any CPU
		{B2836332-4EB5-4603-A3B0-304B76505FCF}.Release|Any CPU.Build.0 = Release|Any CPU
		{7E9538BF-DC22-47CC-86B4-808667E1F935}.Debug|Any CPU.ActiveCfg = Debug|Any CPU
		{7E9538BF-DC22-47CC-86B4-808667E1F935}.Debug|Any CPU.Build.0 = Debug|Any CPU
		{7E9538BF-DC22-47CC-86B4-808667E1F935}.Release|Any CPU.ActiveCfg = Release|Any CPU
		{7E9538BF-DC22-47CC-86B4-808667E1F935}.Release|Any CPU.Build.0 = Release|Any CPU
	EndGlobalSection
	GlobalSection(NestedProjects) = preSolution
		{AB8B4B95-1B04-4F34-82E9-90B5837E196C} = {0DBBBDA0-B54A-4586-8FCB-7B72F3FF4938}
		{5C438EC2-DBE0-479F-83EC-B4124FE7B0E4} = {AB8B4B95-1B04-4F34-82E9-90B5837E196C}
		{B45FB4E2-F368-4BA1-B294-E93A1C6D341D} = {AB8B4B95-1B04-4F34-82E9-90B5837E196C}
		{4556CE64-6BB8-4689-AA06-724C6FAE1AD0} = {0DBBBDA0-B54A-4586-8FCB-7B72F3FF4938}
		{B2836332-4EB5-4603-A3B0-304B76505FCF} = {4556CE64-6BB8-4689-AA06-724C6FAE1AD0}
		{7E9538BF-DC22-47CC-86B4-808667E1F935} = {4556CE64-6BB8-4689-AA06-724C6FAE1AD0}
	EndGlobalSection
EndGlobal
